
Microsoft Visual Studio Solution File, Format Version 12.00
# Visual Studio Version 16
VisualStudioVersion = 16.0.31402.337
MinimumVisualStudioVersion = 10.0.40219.1
Project("{9A19103F-16F7-4668-BE54-9A1E7A4F7556}") = "DomainLayer", "DomainLayer\DomainLayer.csproj", "{7DB220F5-92C6-4334-9E66-A12C7DB8D69B}"
EndProject
Project("{9A19103F-16F7-4668-BE54-9A1E7A4F7556}") = "WireAppsBattleShipGame", "WireAppsBattleShipGame\WireAppsBattleShipGame.csproj", "{769FF8B8-5A5E-4C51-A5BB-62DA2D4CAB30}"
EndProject
Global
	GlobalSection(SolutionConfigurationPlatforms) = preSolution
		Debug|Any CPU = Debug|Any CPU
		Release|Any CPU = Release|Any CPU
	EndGlobalSection
	GlobalSection(ProjectConfigurationPlatforms) = postSolution
		{7DB220F5-92C6-4334-9E66-A12C7DB8D69B}.Debug|Any CPU.ActiveCfg = Debug|Any CPU
		{7DB220F5-92C6-4334-9E66-A12C7DB8D69B}.Debug|Any CPU.Build.0 = Debug|Any CPU
		{7DB220F5-92C6-4334-9E66-A12C7DB8D69B}.Release|Any CPU.ActiveCfg = Release|Any CPU
		{7DB220F5-92C6-4334-9E66-A12C7DB8D69B}.Release|Any CPU.Build.0 = Release|Any CPU
		{769FF8B8-5A5E-4C51-A5BB-62DA2D4CAB30}.Debug|Any CPU.ActiveCfg = Debug|Any CPU
		{769FF8B8-5A5E-4C51-A5BB-62DA2D4CAB30}.Debug|Any CPU.Build.0 = Debug|Any CPU
		{769FF8B8-5A5E-4C51-A5BB-62DA2D4CAB30}.Release|Any CPU.ActiveCfg = Release|Any CPU
		{769FF8B8-5A5E-4C51-A5BB-62DA2D4CAB30}.Release|Any CPU.Build.0 = Release|Any CPU
	EndGlobalSection
	GlobalSection(SolutionProperties) = preSolution
		HideSolutionNode = FALSE
	EndGlobalSection
	GlobalSection(ExtensibilityGlobals) = postSolution
		SolutionGuid = {8D46CF90-2139-41CE-BE2F-57CF2BE39901}
	EndGlobalSection
EndGlobal
